
Microsoft Visual Studio Solution File, Format Version 12.00
# Visual Studio Version 17
VisualStudioVersion = 17.1.32228.430
MinimumVisualStudioVersion = 10.0.40219.1
Project("{FAE04EC0-301F-11D3-BF4B-00C04F79EFBC}") = "EjercicioCifradoCesar2", "EjercicioCifradoCesar2.csproj", "{9A095859-12FB-4C56-9B91-09DAF1E84F47}"
EndProject
Global
	GlobalSection(SolutionConfigurationPlatforms) = preSolution
		Debug|Any CPU = Debug|Any CPU
		Release|Any CPU = Release|Any CPU
	EndGlobalSection
	GlobalSection(ProjectConfigurationPlatforms) = postSolution
		{9A095859-12FB-4C56-9B91-09DAF1E84F47}.Debug|Any CPU.ActiveCfg = Debug|Any CPU
		{9A095859-12FB-4C56-9B91-09DAF1E84F47}.Debug|Any CPU.Build.0 = Debug|Any CPU
		{9A095859-12FB-4C56-9B91-09DAF1E84F47}.Release|Any CPU.ActiveCfg = Release|Any CPU
		{9A095859-12FB-4C56-9B91-09DAF1E84F47}.Release|Any CPU.Build.0 = Release|Any CPU
	EndGlobalSection
	GlobalSection(SolutionProperties) = preSolution
		HideSolutionNode = FALSE
	EndGlobalSection
	GlobalSection(ExtensibilityGlobals) = postSolution
		SolutionGuid = {86F3C3C1-94DC-40C5-B410-99A6E7BE348C}
	EndGlobalSection
EndGlobal
