
Microsoft Visual Studio Solution File, Format Version 12.00
# Visual Studio Version 17
VisualStudioVersion = 17.6.33712.159
MinimumVisualStudioVersion = 10.0.40219.1
Project("{FAE04EC0-301F-11D3-BF4B-00C04F79EFBC}") = "PruebasDataBinding", "PruebasDataBinding.csproj", "{FC7981B3-2EAC-427C-89AB-6F22010EB0E6}"
EndProject
Global
	GlobalSection(SolutionConfigurationPlatforms) = preSolution
		Debug|Any CPU = Debug|Any CPU
		Release|Any CPU = Release|Any CPU
	EndGlobalSection
	GlobalSection(ProjectConfigurationPlatforms) = postSolution
		{FC7981B3-2EAC-427C-89AB-6F22010EB0E6}.Debug|Any CPU.ActiveCfg = Debug|Any CPU
		{FC7981B3-2EAC-427C-89AB-6F22010EB0E6}.Debug|Any CPU.Build.0 = Debug|Any CPU
		{FC7981B3-2EAC-427C-89AB-6F22010EB0E6}.Release|Any CPU.ActiveCfg = Release|Any CPU
		{FC7981B3-2EAC-427C-89AB-6F22010EB0E6}.Release|Any CPU.Build.0 = Release|Any CPU
	EndGlobalSection
	GlobalSection(SolutionProperties) = preSolution
		HideSolutionNode = FALSE
	EndGlobalSection
	GlobalSection(ExtensibilityGlobals) = postSolution
		SolutionGuid = {BD2C9C9B-9ED9-4FD2-ADFA-950B2713D99F}
	EndGlobalSection
EndGlobal
