
Microsoft Visual Studio Solution File, Format Version 12.00
# Visual Studio Version 17
VisualStudioVersion = 17.6.33712.159
MinimumVisualStudioVersion = 10.0.40219.1
Project("{FAE04EC0-301F-11D3-BF4B-00C04F79EFBC}") = "EjercicioPracticaRecuperatorioArchivosyStrings", "EjercicioPracticaRecuperatorioArchivosyStrings.csproj", "{631809A9-4D75-4A6A-A08F-B22DFAE3878F}"
EndProject
Global
	GlobalSection(SolutionConfigurationPlatforms) = preSolution
		Debug|Any CPU = Debug|Any CPU
		Release|Any CPU = Release|Any CPU
	EndGlobalSection
	GlobalSection(ProjectConfigurationPlatforms) = postSolution
		{631809A9-4D75-4A6A-A08F-B22DFAE3878F}.Debug|Any CPU.ActiveCfg = Debug|Any CPU
		{631809A9-4D75-4A6A-A08F-B22DFAE3878F}.Debug|Any CPU.Build.0 = Debug|Any CPU
		{631809A9-4D75-4A6A-A08F-B22DFAE3878F}.Release|Any CPU.ActiveCfg = Release|Any CPU
		{631809A9-4D75-4A6A-A08F-B22DFAE3878F}.Release|Any CPU.Build.0 = Release|Any CPU
	EndGlobalSection
	GlobalSection(SolutionProperties) = preSolution
		HideSolutionNode = FALSE
	EndGlobalSection
	GlobalSection(ExtensibilityGlobals) = postSolution
		SolutionGuid = {B198611A-96D9-432F-97A1-AFBF2C3CBA00}
	EndGlobalSection
EndGlobal
