
Microsoft Visual Studio Solution File, Format Version 12.00
# Visual Studio Version 17
VisualStudioVersion = 17.1.32228.430
MinimumVisualStudioVersion = 10.0.40219.1
Project("{FAE04EC0-301F-11D3-BF4B-00C04F79EFBC}") = "EjercicioModa2", "EjercicioModa2.csproj", "{6B8B1AF9-08BB-4113-8254-3BF22DC612FC}"
EndProject
Global
	GlobalSection(SolutionConfigurationPlatforms) = preSolution
		Debug|Any CPU = Debug|Any CPU
		Release|Any CPU = Release|Any CPU
	EndGlobalSection
	GlobalSection(ProjectConfigurationPlatforms) = postSolution
		{6B8B1AF9-08BB-4113-8254-3BF22DC612FC}.Debug|Any CPU.ActiveCfg = Debug|Any CPU
		{6B8B1AF9-08BB-4113-8254-3BF22DC612FC}.Debug|Any CPU.Build.0 = Debug|Any CPU
		{6B8B1AF9-08BB-4113-8254-3BF22DC612FC}.Release|Any CPU.ActiveCfg = Release|Any CPU
		{6B8B1AF9-08BB-4113-8254-3BF22DC612FC}.Release|Any CPU.Build.0 = Release|Any CPU
	EndGlobalSection
	GlobalSection(SolutionProperties) = preSolution
		HideSolutionNode = FALSE
	EndGlobalSection
	GlobalSection(ExtensibilityGlobals) = postSolution
		SolutionGuid = {91F0DC59-5D9F-4B04-830F-20C7564D80AB}
	EndGlobalSection
EndGlobal
