
Microsoft Visual Studio Solution File, Format Version 12.00
# Visual Studio Version 17
VisualStudioVersion = 17.6.33712.159
MinimumVisualStudioVersion = 10.0.40219.1
Project("{FAE04EC0-301F-11D3-BF4B-00C04F79EFBC}") = "Asincronismo", "Asincronismo.csproj", "{61FBA8F6-C624-4BEA-985C-96F3F9AAA936}"
EndProject
Global
	GlobalSection(SolutionConfigurationPlatforms) = preSolution
		Debug|Any CPU = Debug|Any CPU
		Release|Any CPU = Release|Any CPU
	EndGlobalSection
	GlobalSection(ProjectConfigurationPlatforms) = postSolution
		{61FBA8F6-C624-4BEA-985C-96F3F9AAA936}.Debug|Any CPU.ActiveCfg = Debug|Any CPU
		{61FBA8F6-C624-4BEA-985C-96F3F9AAA936}.Debug|Any CPU.Build.0 = Debug|Any CPU
		{61FBA8F6-C624-4BEA-985C-96F3F9AAA936}.Release|Any CPU.ActiveCfg = Release|Any CPU
		{61FBA8F6-C624-4BEA-985C-96F3F9AAA936}.Release|Any CPU.Build.0 = Release|Any CPU
	EndGlobalSection
	GlobalSection(SolutionProperties) = preSolution
		HideSolutionNode = FALSE
	EndGlobalSection
	GlobalSection(ExtensibilityGlobals) = postSolution
		SolutionGuid = {12A28DCC-DF4C-4597-8A63-32BD14A12D0B}
	EndGlobalSection
EndGlobal
