
Microsoft Visual Studio Solution File, Format Version 12.00
# Visual Studio Version 17
VisualStudioVersion = 17.6.33712.159
MinimumVisualStudioVersion = 10.0.40219.1
Project("{FAE04EC0-301F-11D3-BF4B-00C04F79EFBC}") = "Delegados", "Delegados.csproj", "{35DC1BC8-1F23-40B2-9181-D0C5FE0488D2}"
EndProject
Global
	GlobalSection(SolutionConfigurationPlatforms) = preSolution
		Debug|Any CPU = Debug|Any CPU
		Release|Any CPU = Release|Any CPU
	EndGlobalSection
	GlobalSection(ProjectConfigurationPlatforms) = postSolution
		{35DC1BC8-1F23-40B2-9181-D0C5FE0488D2}.Debug|Any CPU.ActiveCfg = Debug|Any CPU
		{35DC1BC8-1F23-40B2-9181-D0C5FE0488D2}.Debug|Any CPU.Build.0 = Debug|Any CPU
		{35DC1BC8-1F23-40B2-9181-D0C5FE0488D2}.Release|Any CPU.ActiveCfg = Release|Any CPU
		{35DC1BC8-1F23-40B2-9181-D0C5FE0488D2}.Release|Any CPU.Build.0 = Release|Any CPU
	EndGlobalSection
	GlobalSection(SolutionProperties) = preSolution
		HideSolutionNode = FALSE
	EndGlobalSection
	GlobalSection(ExtensibilityGlobals) = postSolution
		SolutionGuid = {F8924256-F281-499C-A9FD-130D33DA4289}
	EndGlobalSection
EndGlobal
